
Microsoft Visual Studio Solution File, Format Version 12.00
# Visual Studio Version 17
VisualStudioVersion = 17.4.33213.308
MinimumVisualStudioVersion = 10.0.40219.1
Project("{9A19103F-16F7-4668-BE54-9A1E7A4F7556}") = "POGOMVC", "POGOMVC\POGOMVC.csproj", "{3937C456-984B-4CDF-B466-575FE2C7E7C3}"
EndProject
Project("{FAE04EC0-301F-11D3-BF4B-00C04F79EFBC}") = "EncryptDecrypt", "EncryptDecrypt\EncryptDecrypt.csproj", "{9C62700C-BE5D-41C2-99D7-0A99948B5DC8}"
EndProject
Global
	GlobalSection(SolutionConfigurationPlatforms) = preSolution
		Debug|Any CPU = Debug|Any CPU
		Release|Any CPU = Release|Any CPU
	EndGlobalSection
	GlobalSection(ProjectConfigurationPlatforms) = postSolution
		{3937C456-984B-4CDF-B466-575FE2C7E7C3}.Debug|Any CPU.ActiveCfg = Debug|Any CPU
		{3937C456-984B-4CDF-B466-575FE2C7E7C3}.Debug|Any CPU.Build.0 = Debug|Any CPU
		{3937C456-984B-4CDF-B466-575FE2C7E7C3}.Release|Any CPU.ActiveCfg = Release|Any CPU
		{3937C456-984B-4CDF-B466-575FE2C7E7C3}.Release|Any CPU.Build.0 = Release|Any CPU
		{9C62700C-BE5D-41C2-99D7-0A99948B5DC8}.Debug|Any CPU.ActiveCfg = Debug|Any CPU
		{9C62700C-BE5D-41C2-99D7-0A99948B5DC8}.Debug|Any CPU.Build.0 = Debug|Any CPU
		{9C62700C-BE5D-41C2-99D7-0A99948B5DC8}.Release|Any CPU.ActiveCfg = Release|Any CPU
		{9C62700C-BE5D-41C2-99D7-0A99948B5DC8}.Release|Any CPU.Build.0 = Release|Any CPU
	EndGlobalSection
	GlobalSection(SolutionProperties) = preSolution
		HideSolutionNode = FALSE
	EndGlobalSection
	GlobalSection(ExtensibilityGlobals) = postSolution
		SolutionGuid = {D5C16332-6B93-4285-B9A4-010029EB2760}
	EndGlobalSection
EndGlobal
